
Microsoft Visual Studio Solution File, Format Version 12.00
# Visual Studio Version 17
VisualStudioVersion = 17.13.35818.85
MinimumVisualStudioVersion = 10.0.40219.1
Project("{FAE04EC0-301F-11D3-BF4B-00C04F79EFBC}") = "n12xUnit", "n12xUnit\n12xUnit.csproj", "{5723B9EF-70AE-4D5D-9829-FB125D61369B}"
EndProject
Project("{FAE04EC0-301F-11D3-BF4B-00C04F79EFBC}") = "CRUDtest", "CRUDtest\CRUDtest.csproj", "{142D2132-7939-4D0B-B03B-42B5C278263E}"
EndProject
Project("{FAE04EC0-301F-11D3-BF4B-00C04F79EFBC}") = "Entities", "Entities\Entities.csproj", "{0C5A2431-B92D-4AE1-B9C7-B90CDC26F4F5}"
EndProject
Project("{FAE04EC0-301F-11D3-BF4B-00C04F79EFBC}") = "ServiceContracts", "ServiceContracts\ServiceContracts.csproj", "{45AAD26F-A71C-4755-A94F-B5AD9D54C217}"
EndProject
Project("{FAE04EC0-301F-11D3-BF4B-00C04F79EFBC}") = "Services", "Services\Services.csproj", "{BFC6F233-8D8B-4D43-B8FE-10079CF7CD7E}"
EndProject
Project("{FAE04EC0-301F-11D3-BF4B-00C04F79EFBC}") = "RepositoryContracts", "RepositoryContracts\RepositoryContracts.csproj", "{C4ACA081-B22A-434A-B5C2-3915C2DEBA5F}"
EndProject
Project("{FAE04EC0-301F-11D3-BF4B-00C04F79EFBC}") = "Repositories", "Repositories\Repositories.csproj", "{C8FFD7A7-1D67-424E-B070-62DA5594A4AF}"
EndProject
Global
	GlobalSection(SolutionConfigurationPlatforms) = preSolution
		Debug|Any CPU = Debug|Any CPU
		Release|Any CPU = Release|Any CPU
	EndGlobalSection
	GlobalSection(ProjectConfigurationPlatforms) = postSolution
		{5723B9EF-70AE-4D5D-9829-FB125D61369B}.Debug|Any CPU.ActiveCfg = Debug|Any CPU
		{5723B9EF-70AE-4D5D-9829-FB125D61369B}.Debug|Any CPU.Build.0 = Debug|Any CPU
		{5723B9EF-70AE-4D5D-9829-FB125D61369B}.Release|Any CPU.ActiveCfg = Release|Any CPU
		{5723B9EF-70AE-4D5D-9829-FB125D61369B}.Release|Any CPU.Build.0 = Release|Any CPU
		{142D2132-7939-4D0B-B03B-42B5C278263E}.Debug|Any CPU.ActiveCfg = Debug|Any CPU
		{142D2132-7939-4D0B-B03B-42B5C278263E}.Debug|Any CPU.Build.0 = Debug|Any CPU
		{142D2132-7939-4D0B-B03B-42B5C278263E}.Release|Any CPU.ActiveCfg = Release|Any CPU
		{142D2132-7939-4D0B-B03B-42B5C278263E}.Release|Any CPU.Build.0 = Release|Any CPU
		{0C5A2431-B92D-4AE1-B9C7-B90CDC26F4F5}.Debug|Any CPU.ActiveCfg = Debug|Any CPU
		{0C5A2431-B92D-4AE1-B9C7-B90CDC26F4F5}.Debug|Any CPU.Build.0 = Debug|Any CPU
		{0C5A2431-B92D-4AE1-B9C7-B90CDC26F4F5}.Release|Any CPU.ActiveCfg = Release|Any CPU
		{0C5A2431-B92D-4AE1-B9C7-B90CDC26F4F5}.Release|Any CPU.Build.0 = Release|Any CPU
		{45AAD26F-A71C-4755-A94F-B5AD9D54C217}.Debug|Any CPU.ActiveCfg = Debug|Any CPU
		{45AAD26F-A71C-4755-A94F-B5AD9D54C217}.Debug|Any CPU.Build.0 = Debug|Any CPU
		{45AAD26F-A71C-4755-A94F-B5AD9D54C217}.Release|Any CPU.ActiveCfg = Release|Any CPU
		{45AAD26F-A71C-4755-A94F-B5AD9D54C217}.Release|Any CPU.Build.0 = Release|Any CPU
		{BFC6F233-8D8B-4D43-B8FE-10079CF7CD7E}.Debug|Any CPU.ActiveCfg = Debug|Any CPU
		{BFC6F233-8D8B-4D43-B8FE-10079CF7CD7E}.Debug|Any CPU.Build.0 = Debug|Any CPU
		{BFC6F233-8D8B-4D43-B8FE-10079CF7CD7E}.Release|Any CPU.ActiveCfg = Release|Any CPU
		{BFC6F233-8D8B-4D43-B8FE-10079CF7CD7E}.Release|Any CPU.Build.0 = Release|Any CPU
		{C4ACA081-B22A-434A-B5C2-3915C2DEBA5F}.Debug|Any CPU.ActiveCfg = Debug|Any CPU
		{C4ACA081-B22A-434A-B5C2-3915C2DEBA5F}.Debug|Any CPU.Build.0 = Debug|Any CPU
		{C4ACA081-B22A-434A-B5C2-3915C2DEBA5F}.Release|Any CPU.ActiveCfg = Release|Any CPU
		{C4ACA081-B22A-434A-B5C2-3915C2DEBA5F}.Release|Any CPU.Build.0 = Release|Any CPU
		{C8FFD7A7-1D67-424E-B070-62DA5594A4AF}.Debug|Any CPU.ActiveCfg = Debug|Any CPU
		{C8FFD7A7-1D67-424E-B070-62DA5594A4AF}.Debug|Any CPU.Build.0 = Debug|Any CPU
		{C8FFD7A7-1D67-424E-B070-62DA5594A4AF}.Release|Any CPU.ActiveCfg = Release|Any CPU
		{C8FFD7A7-1D67-424E-B070-62DA5594A4AF}.Release|Any CPU.Build.0 = Release|Any CPU
	EndGlobalSection
	GlobalSection(SolutionProperties) = preSolution
		HideSolutionNode = FALSE
	EndGlobalSection
	GlobalSection(ExtensibilityGlobals) = postSolution
		SolutionGuid = {9A577B80-D65B-40DF-9BDA-6193659FA0AC}
	EndGlobalSection
EndGlobal
